// !$*UTF8*$!
{
	archiveVersion = 1;
	classes = {
	};
	objectVersion = 56;
	objects = {

/* Begin PBXBuildFile section */
		1C86E72F2A095F6200796240 /* FoodApp2App.swift in Sources */ = {isa = PBXBuildFile; fileRef = 1C86E72E2A095F6200796240 /* FoodApp2App.swift */; };
		1C86E7312A095F6300796240 /* ContentView.swift in Sources */ = {isa = PBXBuildFile; fileRef = 1C86E7302A095F6300796240 /* ContentView.swift */; };
		1C86E7332A095F7700796240 /* Assets.xcassets in Resources */ = {isa = PBXBuildFile; fileRef = 1C86E7322A095F7700796240 /* Assets.xcassets */; };
		1C86E7362A095F7800796240 /* Preview Assets.xcassets in Resources */ = {isa = PBXBuildFile; fileRef = 1C86E7352A095F7800796240 /* Preview Assets.xcassets */; };
		1C86E73D2A095FB400796240 /* Helper.swift in Sources */ = {isa = PBXBuildFile; fileRef = 1C86E73C2A095FB400796240 /* Helper.swift */; };
		1C86E73F2A095FE900796240 /* Menu.swift in Sources */ = {isa = PBXBuildFile; fileRef = 1C86E73E2A095FE900796240 /* Menu.swift */; };
		1C86E7412A0960E700796240 /* Order.swift in Sources */ = {isa = PBXBuildFile; fileRef = 1C86E7402A0960E700796240 /* Order.swift */; };
		1C86E7432A09614B00796240 /* menu.json in Resources */ = {isa = PBXBuildFile; fileRef = 1C86E7422A09614B00796240 /* menu.json */; };
		1C86E7452A09618F00796240 /* ItemRow.swift in Sources */ = {isa = PBXBuildFile; fileRef = 1C86E7442A09618F00796240 /* ItemRow.swift */; };
		1C86E7472A0961E200796240 /* ItemDetail.swift in Sources */ = {isa = PBXBuildFile; fileRef = 1C86E7462A0961E200796240 /* ItemDetail.swift */; };
		1C86E7492A09625800796240 /* OrderView.swift in Sources */ = {isa = PBXBuildFile; fileRef = 1C86E7482A09625800796240 /* OrderView.swift */; };
		1C86E74B2A09630B00796240 /* MainView.swift in Sources */ = {isa = PBXBuildFile; fileRef = 1C86E74A2A09630B00796240 /* MainView.swift */; };
		1C86E74D2A0967C700796240 /* CheckoutView.swift in Sources */ = {isa = PBXBuildFile; fileRef = 1C86E74C2A0967C700796240 /* CheckoutView.swift */; };
/* End PBXBuildFile section */

/* Begin PBXFileReference section */
		1C86E72B2A095F6200796240 /* FoodApp2.app */ = {isa = PBXFileReference; explicitFileType = wrapper.application; includeInIndex = 0; path = FoodApp2.app; sourceTree = BUILT_PRODUCTS_DIR; };
		1C86E72E2A095F6200796240 /* FoodApp2App.swift */ = {isa = PBXFileReference; lastKnownFileType = sourcecode.swift; path = FoodApp2App.swift; sourceTree = "<group>"; };
		1C86E7302A095F6300796240 /* ContentView.swift */ = {isa = PBXFileReference; lastKnownFileType = sourcecode.swift; path = ContentView.swift; sourceTree = "<group>"; };
		1C86E7322A095F7700796240 /* Assets.xcassets */ = {isa = PBXFileReference; lastKnownFileType = folder.assetcatalog; path = Assets.xcassets; sourceTree = "<group>"; };
		1C86E7352A095F7800796240 /* Preview Assets.xcassets */ = {isa = PBXFileReference; lastKnownFileType = folder.assetcatalog; path = "Preview Assets.xcassets"; sourceTree = "<group>"; };
		1C86E73C2A095FB400796240 /* Helper.swift */ = {isa = PBXFileReference; lastKnownFileType = sourcecode.swift; path = Helper.swift; sourceTree = "<group>"; };
		1C86E73E2A095FE900796240 /* Menu.swift */ = {isa = PBXFileReference; lastKnownFileType = sourcecode.swift; path = Menu.swift; sourceTree = "<group>"; };
		1C86E7402A0960E700796240 /* Order.swift */ = {isa = PBXFileReference; lastKnownFileType = sourcecode.swift; path = Order.swift; sourceTree = "<group>"; };
		1C86E7422A09614B00796240 /* menu.json */ = {isa = PBXFileReference; lastKnownFileType = text.json; path = menu.json; sourceTree = "<group>"; };
		1C86E7442A09618F00796240 /* ItemRow.swift */ = {isa = PBXFileReference; lastKnownFileType = sourcecode.swift; path = ItemRow.swift; sourceTree = "<group>"; };
		1C86E7462A0961E200796240 /* ItemDetail.swift */ = {isa = PBXFileReference; lastKnownFileType = sourcecode.swift; path = ItemDetail.swift; sourceTree = "<group>"; };
		1C86E7482A09625800796240 /* OrderView.swift */ = {isa = PBXFileReference; lastKnownFileType = sourcecode.swift; path = OrderView.swift; sourceTree = "<group>"; };
		1C86E74A2A09630B00796240 /* MainView.swift */ = {isa = PBXFileReference; lastKnownFileType = sourcecode.swift; path = MainView.swift; sourceTree = "<group>"; };
		1C86E74C2A0967C700796240 /* CheckoutView.swift */ = {isa = PBXFileReference; lastKnownFileType = sourcecode.swift; path = CheckoutView.swift; sourceTree = "<group>"; };
/* End PBXFileReference section */

/* Begin PBXFrameworksBuildPhase section */
		1C86E7282A095F6200796240 /* Frameworks */ = {
			isa = PBXFrameworksBuildPhase;
			buildActionMask = 2147483647;
			files = (
			);
			runOnlyForDeploymentPostprocessing = 0;
		};
/* End PBXFrameworksBuildPhase section */

/* Begin PBXGroup section */
		1C86E7222A095F6100796240 = {
			isa = PBXGroup;
			children = (
				1C86E72D2A095F6200796240 /* FoodApp2 */,
				1C86E72C2A095F6200796240 /* Products */,
			);
			sourceTree = "<group>";
		};
		1C86E72C2A095F6200796240 /* Products */ = {
			isa = PBXGroup;
			children = (
				1C86E72B2A095F6200796240 /* FoodApp2.app */,
			);
			name = Products;
			sourceTree = "<group>";
		};
		1C86E72D2A095F6200796240 /* FoodApp2 */ = {
			isa = PBXGroup;
			children = (
				1C86E72E2A095F6200796240 /* FoodApp2App.swift */,
				1C86E7302A095F6300796240 /* ContentView.swift */,
				1C86E7442A09618F00796240 /* ItemRow.swift */,
				1C86E7462A0961E200796240 /* ItemDetail.swift */,
				1C86E73C2A095FB400796240 /* Helper.swift */,
				1C86E73E2A095FE900796240 /* Menu.swift */,
				1C86E7402A0960E700796240 /* Order.swift */,
				1C86E7482A09625800796240 /* OrderView.swift */,
				1C86E74C2A0967C700796240 /* CheckoutView.swift */,
				1C86E74A2A09630B00796240 /* MainView.swift */,
				1C86E7422A09614B00796240 /* menu.json */,
				1C86E7322A095F7700796240 /* Assets.xcassets */,
				1C86E7342A095F7800796240 /* Preview Content */,
			);
			path = FoodApp2;
			sourceTree = "<group>";
		};
		1C86E7342A095F7800796240 /* Preview Content */ = {
			isa = PBXGroup;
			children = (
				1C86E7352A095F7800796240 /* Preview Assets.xcassets */,
			);
			path = "Preview Content";
			sourceTree = "<group>";
		};
/* End PBXGroup section */

/* Begin PBXNativeTarget section */
		1C86E72A2A095F6200796240 /* FoodApp2 */ = {
			isa = PBXNativeTarget;
			buildConfigurationList = 1C86E7392A095F7800796240 /* Build configuration list for PBXNativeTarget "FoodApp2" */;
			buildPhases = (
				1C86E7272A095F6200796240 /* Sources */,
				1C86E7282A095F6200796240 /* Frameworks */,
				1C86E7292A095F6200796240 /* Resources */,
			);
			buildRules = (
			);
			dependencies = (
			);
			name = FoodApp2;
			productName = FoodApp2;
			productReference = 1C86E72B2A095F6200796240 /* FoodApp2.app */;
			productType = "com.apple.product-type.application";
		};
/* End PBXNativeTarget section */

/* Begin PBXProject section */
		1C86E7232A095F6100796240 /* Project object */ = {
			isa = PBXProject;
			attributes = {
				BuildIndependentTargetsInParallel = 1;
				LastSwiftUpdateCheck = 1430;
				LastUpgradeCheck = 1430;
				TargetAttributes = {
					1C86E72A2A095F6200796240 = {
						CreatedOnToolsVersion = 14.3;
					};
				};
			};
			buildConfigurationList = 1C86E7262A095F6100796240 /* Build configuration list for PBXProject "FoodApp2" */;
			compatibilityVersion = "Xcode 14.0";
			developmentRegion = en;
			hasScannedForEncodings = 0;
			knownRegions = (
				en,
				Base,
			);
			mainGroup = 1C86E7222A095F6100796240;
			productRefGroup = 1C86E72C2A095F6200796240 /* Products */;
			projectDirPath = "";
			projectRoot = "";
			targets = (
				1C86E72A2A095F6200796240 /* FoodApp2 */,
			);
		};
/* End PBXProject section */

/* Begin PBXResourcesBuildPhase section */
		1C86E7292A095F6200796240 /* Resources */ = {
			isa = PBXResourcesBuildPhase;
			buildActionMask = 2147483647;
			files = (
				1C86E7432A09614B00796240 /* menu.json in Resources */,
				1C86E7362A095F7800796240 /* Preview Assets.xcassets in Resources */,
				1C86E7332A095F7700796240 /* Assets.xcassets in Resources */,
			);
			runOnlyForDeploymentPostprocessing = 0;
		};
/* End PBXResourcesBuildPhase section */

/* Begin PBXSourcesBuildPhase section */
		1C86E7272A095F6200796240 /* Sources */ = {
			isa = PBXSourcesBuildPhase;
			buildActionMask = 2147483647;
			files = (
				1C86E7472A0961E200796240 /* ItemDetail.swift in Sources */,
				1C86E74B2A09630B00796240 /* MainView.swift in Sources */,
				1C86E74D2A0967C700796240 /* CheckoutView.swift in Sources */,
				1C86E7492A09625800796240 /* OrderView.swift in Sources */,
				1C86E7312A095F6300796240 /* ContentView.swift in Sources */,
				1C86E72F2A095F6200796240 /* FoodApp2App.swift in Sources */,
				1C86E7412A0960E700796240 /* Order.swift in Sources */,
				1C86E7452A09618F00796240 /* ItemRow.swift in Sources */,
				1C86E73F2A095FE900796240 /* Menu.swift in Sources */,
				1C86E73D2A095FB400796240 /* Helper.swift in Sources */,
			);
			runOnlyForDeploymentPostprocessing = 0;
		};
/* End PBXSourcesBuildPhase section */

/* Begin XCBuildConfiguration section */
		1C86E7372A095F7800796240 /* Debug */ = {
			isa = XCBuildConfiguration;
			buildSettings = {
				ALWAYS_SEARCH_USER_PATHS = NO;
				CLANG_ANALYZER_NONNULL = YES;
				CLANG_ANALYZER_NUMBER_OBJECT_CONVERSION = YES_AGGRESSIVE;
				CLANG_CXX_LANGUAGE_STANDARD = "gnu++20";
				CLANG_ENABLE_MODULES = YES;
				CLANG_ENABLE_OBJC_ARC = YES;
				CLANG_ENABLE_OBJC_WEAK = YES;
				CLANG_WARN_BLOCK_CAPTURE_AUTORELEASING = YES;
				CLANG_WARN_BOOL_CONVERSION = YES;
				CLANG_WARN_COMMA = YES;
				CLANG_WARN_CONSTANT_CONVERSION = YES;
				CLANG_WARN_DEPRECATED_OBJC_IMPLEMENTATIONS = YES;
				CLANG_WARN_DIRECT_OBJC_ISA_USAGE = YES_ERROR;
				CLANG_WARN_DOCUMENTATION_COMMENTS = YES;
				CLANG_WARN_EMPTY_BODY = YES;
				CLANG_WARN_ENUM_CONVERSION = YES;
				CLANG_WARN_INFINITE_RECURSION = YES;
				CLANG_WARN_INT_CONVERSION = YES;
				CLANG_WARN_NON_LITERAL_NULL_CONVERSION = YES;
				CLANG_WARN_OBJC_IMPLICIT_RETAIN_SELF = YES;
				CLANG_WARN_OBJC_LITERAL_CONVERSION = YES;
				CLANG_WARN_OBJC_ROOT_CLASS = YES_ERROR;
				CLANG_WARN_QUOTED_INCLUDE_IN_FRAMEWORK_HEADER = YES;
				CLANG_WARN_RANGE_LOOP_ANALYSIS = YES;
				CLANG_WARN_STRICT_PROTOTYPES = YES;
				CLANG_WARN_SUSPICIOUS_MOVE = YES;
				CLANG_WARN_UNGUARDED_AVAILABILITY = YES_AGGRESSIVE;
				CLANG_WARN_UNREACHABLE_CODE = YES;
				CLANG_WARN__DUPLICATE_METHOD_MATCH = YES;
				COPY_PHASE_STRIP = NO;
				DEBUG_INFORMATION_FORMAT = dwarf;
				ENABLE_STRICT_OBJC_MSGSEND = YES;
				ENABLE_TESTABILITY = YES;
				GCC_C_LANGUAGE_STANDARD = gnu11;
				GCC_DYNAMIC_NO_PIC = NO;
				GCC_NO_COMMON_BLOCKS = YES;
				GCC_OPTIMIZATION_LEVEL = 0;
				GCC_PREPROCESSOR_DEFINITIONS = (
					"DEBUG=1",
					"$(inherited)",
				);
				GCC_WARN_64_TO_32_BIT_CONVERSION = YES;
				GCC_WARN_ABOUT_RETURN_TYPE = YES_ERROR;
				GCC_WARN_UNDECLARED_SELECTOR = YES;
				GCC_WARN_UNINITIALIZED_AUTOS = YES_AGGRESSIVE;
				GCC_WARN_UNUSED_FUNCTION = YES;
				GCC_WARN_UNUSED_VARIABLE = YES;
				IPHONEOS_DEPLOYMENT_TARGET = 16.4;
				MTL_ENABLE_DEBUG_INFO = INCLUDE_SOURCE;
				MTL_FAST_MATH = YES;
				ONLY_ACTIVE_ARCH = YES;
				SDKROOT = iphoneos;
				SWIFT_ACTIVE_COMPILATION_CONDITIONS = DEBUG;
				SWIFT_OPTIMIZATION_LEVEL = "-Onone";
			};
			name = Debug;
		};
		1C86E7382A095F7800796240 /* Release */ = {
			isa = XCBuildConfiguration;
			buildSettings = {
				ALWAYS_SEARCH_USER_PATHS = NO;
				CLANG_ANALYZER_NONNULL = YES;
				CLANG_ANALYZER_NUMBER_OBJECT_CONVERSION = YES_AGGRESSIVE;
				CLANG_CXX_LANGUAGE_STANDARD = "gnu++20";
				CLANG_ENABLE_MODULES = YES;
				CLANG_ENABLE_OBJC_ARC = YES;
				CLANG_ENABLE_OBJC_WEAK = YES;
				CLANG_WARN_BLOCK_CAPTURE_AUTORELEASING = YES;
				CLANG_WARN_BOOL_CONVERSION = YES;
				CLANG_WARN_COMMA = YES;
				CLANG_WARN_CONSTANT_CONVERSION = YES;
				CLANG_WARN_DEPRECATED_OBJC_IMPLEMENTATIONS = YES;
				CLANG_WARN_DIRECT_OBJC_ISA_USAGE = YES_ERROR;
				CLANG_WARN_DOCUMENTATION_COMMENTS = YES;
				CLANG_WARN_EMPTY_BODY = YES;
				CLANG_WARN_ENUM_CONVERSION = YES;
				CLANG_WARN_INFINITE_RECURSION = YES;
				CLANG_WARN_INT_CONVERSION = YES;
				CLANG_WARN_NON_LITERAL_NULL_CONVERSION = YES;
				CLANG_WARN_OBJC_IMPLICIT_RETAIN_SELF = YES;
				CLANG_WARN_OBJC_LITERAL_CONVERSION = YES;
				CLANG_WARN_OBJC_ROOT_CLASS = YES_ERROR;
				CLANG_WARN_QUOTED_INCLUDE_IN_FRAMEWORK_HEADER = YES;
				CLANG_WARN_RANGE_LOOP_ANALYSIS = YES;
				CLANG_WARN_STRICT_PROTOTYPES = YES;
				CLANG_WARN_SUSPICIOUS_MOVE = YES;
				CLANG_WARN_UNGUARDED_AVAILABILITY = YES_AGGRESSIVE;
				CLANG_WARN_UNREACHABLE_CODE = YES;
				CLANG_WARN__DUPLICATE_METHOD_MATCH = YES;
				COPY_PHASE_STRIP = NO;
				DEBUG_INFORMATION_FORMAT = "dwarf-with-dsym";
				ENABLE_NS_ASSERTIONS = NO;
				ENABLE_STRICT_OBJC_MSGSEND = YES;
				GCC_C_LANGUAGE_STANDARD = gnu11;
				GCC_NO_COMMON_BLOCKS = YES;
				GCC_WARN_64_TO_32_BIT_CONVERSION = YES;
				GCC_WARN_ABOUT_RETURN_TYPE = YES_ERROR;
				GCC_WARN_UNDECLARED_SELECTOR = YES;
				GCC_WARN_UNINITIALIZED_AUTOS = YES_AGGRESSIVE;
				GCC_WARN_UNUSED_FUNCTION = YES;
				GCC_WARN_UNUSED_VARIABLE = YES;
				IPHONEOS_DEPLOYMENT_TARGET = 16.4;
				MTL_ENABLE_DEBUG_INFO = NO;
				MTL_FAST_MATH = YES;
				SDKROOT = iphoneos;
				SWIFT_COMPILATION_MODE = wholemodule;
				SWIFT_OPTIMIZATION_LEVEL = "-O";
				VALIDATE_PRODUCT = YES;
			};
			name = Release;
		};
		1C86E73A2A095F7800796240 /* Debug */ = {
			isa = XCBuildConfiguration;
			buildSettings = {
				ASSETCATALOG_COMPILER_APPICON_NAME = AppIcon;
				ASSETCATALOG_COMPILER_GLOBAL_ACCENT_COLOR_NAME = AccentColor;
				CODE_SIGN_STYLE = Automatic;
				CURRENT_PROJECT_VERSION = 1;
				DEVELOPMENT_ASSET_PATHS = "\"FoodApp2/Preview Content\"";
				DEVELOPMENT_TEAM = 48JT695TLR;
				ENABLE_PREVIEWS = YES;
				GENERATE_INFOPLIST_FILE = YES;
				INFOPLIST_KEY_UIApplicationSceneManifest_Generation = YES;
				INFOPLIST_KEY_UIApplicationSupportsIndirectInputEvents = YES;
				INFOPLIST_KEY_UILaunchScreen_Generation = YES;
				INFOPLIST_KEY_UISupportedInterfaceOrientations_iPad = "UIInterfaceOrientationPortrait UIInterfaceOrientationPortraitUpsideDown UIInterfaceOrientationLandscapeLeft UIInterfaceOrientationLandscapeRight";
				INFOPLIST_KEY_UISupportedInterfaceOrientations_iPhone = "UIInterfaceOrientationPortrait UIInterfaceOrientationLandscapeLeft UIInterfaceOrientationLandscapeRight";
				LD_RUNPATH_SEARCH_PATHS = (
					"$(inherited)",
					"@executable_path/Frameworks",
				);
				MARKETING_VERSION = 1.0;
				PRODUCT_BUNDLE_IDENTIFIER = com.nicolaslepinay.FoodApp2;
				PRODUCT_NAME = "$(TARGET_NAME)";
				SWIFT_EMIT_LOC_STRINGS = YES;
				SWIFT_VERSION = 5.0;
				TARGETED_DEVICE_FAMILY = "1,2";
			};
			name = Debug;
		};
		1C86E73B2A095F7800796240 /* Release */ = {
			isa = XCBuildConfiguration;
			buildSettings = {
				ASSETCATALOG_COMPILER_APPICON_NAME = AppIcon;
				ASSETCATALOG_COMPILER_GLOBAL_ACCENT_COLOR_NAME = AccentColor;
				CODE_SIGN_STYLE = Automatic;
				CURRENT_PROJECT_VERSION = 1;
				DEVELOPMENT_ASSET_PATHS = "\"FoodApp2/Preview Content\"";
				DEVELOPMENT_TEAM = 48JT695TLR;
				ENABLE_PREVIEWS = YES;
				GENERATE_INFOPLIST_FILE = YES;
				INFOPLIST_KEY_UIApplicationSceneManifest_Generation = YES;
				INFOPLIST_KEY_UIApplicationSupportsIndirectInputEvents = YES;
				INFOPLIST_KEY_UILaunchScreen_Generation = YES;
				INFOPLIST_KEY_UISupportedInterfaceOrientations_iPad = "UIInterfaceOrientationPortrait UIInterfaceOrientationPortraitUpsideDown UIInterfaceOrientationLandscapeLeft UIInterfaceOrientationLandscapeRight";
				INFOPLIST_KEY_UISupportedInterfaceOrientations_iPhone = "UIInterfaceOrientationPortrait UIInterfaceOrientationLandscapeLeft UIInterfaceOrientationLandscapeRight";
				LD_RUNPATH_SEARCH_PATHS = (
					"$(inherited)",
					"@executable_path/Frameworks",
				);
				MARKETING_VERSION = 1.0;
				PRODUCT_BUNDLE_IDENTIFIER = com.nicolaslepinay.FoodApp2;
				PRODUCT_NAME = "$(TARGET_NAME)";
				SWIFT_EMIT_LOC_STRINGS = YES;
				SWIFT_VERSION = 5.0;
				TARGETED_DEVICE_FAMILY = "1,2";
			};
			name = Release;
		};
/* End XCBuildConfiguration section */

/* Begin XCConfigurationList section */
		1C86E7262A095F6100796240 /* Build configuration list for PBXProject "FoodApp2" */ = {
			isa = XCConfigurationList;
			buildConfigurations = (
				1C86E7372A095F7800796240 /* Debug */,
				1C86E7382A095F7800796240 /* Release */,
			);
			defaultConfigurationIsVisible = 0;
			defaultConfigurationName = Release;
		};
		1C86E7392A095F7800796240 /* Build configuration list for PBXNativeTarget "FoodApp2" */ = {
			isa = XCConfigurationList;
			buildConfigurations = (
				1C86E73A2A095F7800796240 /* Debug */,
				1C86E73B2A095F7800796240 /* Release */,
			);
			defaultConfigurationIsVisible = 0;
			defaultConfigurationName = Release;
		};
/* End XCConfigurationList section */
	};
	rootObject = 1C86E7232A095F6100796240 /* Project object */;
}
